
Microsoft Visual Studio Solution File, Format Version 12.00
# Visual Studio Version 16
VisualStudioVersion = 16.0.29009.5
MinimumVisualStudioVersion = 10.0.40219.1
Project("{FAE04EC0-301F-11D3-BF4B-00C04F79EFBC}") = "ConsoleInLogApplication", "ConsoleInLogApplication\ConsoleInLogApplication.csproj", "{C69337D3-298F-4DFE-9C46-ECC23F75B24C}"
EndProject
Project("{FAE04EC0-301F-11D3-BF4B-00C04F79EFBC}") = "ConsoleInLogBusiness", "ConsoleInLogBusiness\ConsoleInLogBusiness.csproj", "{EEDECDCD-BED3-48D1-8386-074BDCFFA2E5}"
EndProject
Project("{FAE04EC0-301F-11D3-BF4B-00C04F79EFBC}") = "ConsoleInLogTest", "ConsoleInLogTest\ConsoleInLogTest.csproj", "{171BFFB0-5E2E-419A-99B2-E8938BF6B71B}"
EndProject
Global
	GlobalSection(SolutionConfigurationPlatforms) = preSolution
		Debug|Any CPU = Debug|Any CPU
		Release|Any CPU = Release|Any CPU
	EndGlobalSection
	GlobalSection(ProjectConfigurationPlatforms) = postSolution
		{C69337D3-298F-4DFE-9C46-ECC23F75B24C}.Debug|Any CPU.ActiveCfg = Debug|Any CPU
		{C69337D3-298F-4DFE-9C46-ECC23F75B24C}.Debug|Any CPU.Build.0 = Debug|Any CPU
		{C69337D3-298F-4DFE-9C46-ECC23F75B24C}.Release|Any CPU.ActiveCfg = Release|Any CPU
		{C69337D3-298F-4DFE-9C46-ECC23F75B24C}.Release|Any CPU.Build.0 = Release|Any CPU
		{EEDECDCD-BED3-48D1-8386-074BDCFFA2E5}.Debug|Any CPU.ActiveCfg = Debug|Any CPU
		{EEDECDCD-BED3-48D1-8386-074BDCFFA2E5}.Debug|Any CPU.Build.0 = Debug|Any CPU
		{EEDECDCD-BED3-48D1-8386-074BDCFFA2E5}.Release|Any CPU.ActiveCfg = Release|Any CPU
		{EEDECDCD-BED3-48D1-8386-074BDCFFA2E5}.Release|Any CPU.Build.0 = Release|Any CPU
		{171BFFB0-5E2E-419A-99B2-E8938BF6B71B}.Debug|Any CPU.ActiveCfg = Debug|Any CPU
		{171BFFB0-5E2E-419A-99B2-E8938BF6B71B}.Debug|Any CPU.Build.0 = Debug|Any CPU
		{171BFFB0-5E2E-419A-99B2-E8938BF6B71B}.Release|Any CPU.ActiveCfg = Release|Any CPU
		{171BFFB0-5E2E-419A-99B2-E8938BF6B71B}.Release|Any CPU.Build.0 = Release|Any CPU
	EndGlobalSection
	GlobalSection(SolutionProperties) = preSolution
		HideSolutionNode = FALSE
	EndGlobalSection
	GlobalSection(ExtensibilityGlobals) = postSolution
		SolutionGuid = {AAFA6188-6C93-481E-9BB0-E445CFE7DFFB}
	EndGlobalSection
EndGlobal
